
Microsoft Visual Studio Solution File, Format Version 12.00
# Visual Studio Version 17
VisualStudioVersion = 17.11.35219.272
MinimumVisualStudioVersion = 10.0.40219.1
Project("{9A19103F-16F7-4668-BE54-9A1E7A4F7556}") = "Books.Api.Docker", "src\Books.Api.Docker.csproj", "{A4E84873-44B7-4809-83C9-7551114360DE}"
EndProject
Project("{2150E333-8FDC-42A3-9474-1A3956D46DE8}") = "src", "src", "{E46FC203-6E83-417A-B403-C51B2D2F87CA}"
EndProject
Project("{E53339B2-1760-4266-BCC7-CA923CBCF16C}") = "docker-compose", "docker-compose.dcproj", "{5AB18CEE-C278-4A67-9913-F88340EEF10F}"
EndProject
Global
	GlobalSection(SolutionConfigurationPlatforms) = preSolution
		Debug|Any CPU = Debug|Any CPU
		Release|Any CPU = Release|Any CPU
	EndGlobalSection
	GlobalSection(ProjectConfigurationPlatforms) = postSolution
		{A4E84873-44B7-4809-83C9-7551114360DE}.Debug|Any CPU.ActiveCfg = Debug|Any CPU
		{A4E84873-44B7-4809-83C9-7551114360DE}.Debug|Any CPU.Build.0 = Debug|Any CPU
		{A4E84873-44B7-4809-83C9-7551114360DE}.Release|Any CPU.ActiveCfg = Release|Any CPU
		{A4E84873-44B7-4809-83C9-7551114360DE}.Release|Any CPU.Build.0 = Release|Any CPU
		{5AB18CEE-C278-4A67-9913-F88340EEF10F}.Debug|Any CPU.ActiveCfg = Debug|Any CPU
		{5AB18CEE-C278-4A67-9913-F88340EEF10F}.Debug|Any CPU.Build.0 = Debug|Any CPU
		{5AB18CEE-C278-4A67-9913-F88340EEF10F}.Release|Any CPU.ActiveCfg = Release|Any CPU
		{5AB18CEE-C278-4A67-9913-F88340EEF10F}.Release|Any CPU.Build.0 = Release|Any CPU
	EndGlobalSection
	GlobalSection(SolutionProperties) = preSolution
		HideSolutionNode = FALSE
	EndGlobalSection
	GlobalSection(NestedProjects) = preSolution
		{A4E84873-44B7-4809-83C9-7551114360DE} = {E46FC203-6E83-417A-B403-C51B2D2F87CA}
	EndGlobalSection
	GlobalSection(ExtensibilityGlobals) = postSolution
		SolutionGuid = {6358A650-583F-4A78-B1B5-3666772A20CF}
	EndGlobalSection
EndGlobal
